
Microsoft Visual Studio Solution File, Format Version 12.00
# Visual Studio Version 17
VisualStudioVersion = 17.2.32616.157
MinimumVisualStudioVersion = 10.0.40219.1
Project("{FAE04EC0-301F-11D3-BF4B-00C04F79EFBC}") = "Modul10", "Modul10\Modul10.csproj", "{CFFB409D-74A9-4EBC-A397-BEA62B262504}"
EndProject
Global
	GlobalSection(SolutionConfigurationPlatforms) = preSolution
		Debug|Any CPU = Debug|Any CPU
		Release|Any CPU = Release|Any CPU
	EndGlobalSection
	GlobalSection(ProjectConfigurationPlatforms) = postSolution
		{CFFB409D-74A9-4EBC-A397-BEA62B262504}.Debug|Any CPU.ActiveCfg = Debug|Any CPU
		{CFFB409D-74A9-4EBC-A397-BEA62B262504}.Debug|Any CPU.Build.0 = Debug|Any CPU
		{CFFB409D-74A9-4EBC-A397-BEA62B262504}.Release|Any CPU.ActiveCfg = Release|Any CPU
		{CFFB409D-74A9-4EBC-A397-BEA62B262504}.Release|Any CPU.Build.0 = Release|Any CPU
	EndGlobalSection
	GlobalSection(SolutionProperties) = preSolution
		HideSolutionNode = FALSE
	EndGlobalSection
	GlobalSection(ExtensibilityGlobals) = postSolution
		SolutionGuid = {F98CC560-177A-46CB-8023-4C288556F102}
	EndGlobalSection
EndGlobal
